// !$*UTF8*$!
{
	archiveVersion = 1;
	classes = {
	};
	objectVersion = 56;
	objects = {

/* Begin PBXBuildFile section */
		0C33A52CD2E74E0F8325F3B1 /* PushTesterApp.swift in Sources */ = {isa = PBXBuildFile; fileRef = C7801D4FBC0047938691231F /* PushTesterApp.swift */; };
		AD8F66678DF24AA6A6CE0D94 /* ContentView.swift in Sources */ = {isa = PBXBuildFile; fileRef = 276CA7A3831A43839DC544ED /* ContentView.swift */; };
		D5A2AD69C7D6409280A1BF1F /* PushModels.swift in Sources */ = {isa = PBXBuildFile; fileRef = D47E941494074ABCA8F7EE41 /* PushModels.swift */; };
		D9376D8931D74547B391B6FC /* APNsJWT.swift in Sources */ = {isa = PBXBuildFile; fileRef = E65D669638B8480287308FC7 /* APNsJWT.swift */; };
		B524F700AFEA4BD9879D206A /* APNsClient.swift in Sources */ = {isa = PBXBuildFile; fileRef = 7544D8FDAF154032B78FFC7C /* APNsClient.swift */; };
		F3A4B5C6D7E8091A2B3C4D5E /* SessionStore.swift in Sources */ = {isa = PBXBuildFile; fileRef = E3F4A5B6C7D8091A2B3C4D5F /* SessionStore.swift */; };
		A4B5C6D7E8F9012A3B4C5D6E /* WindowFrameAutosave.swift in Sources */ = {isa = PBXBuildFile; fileRef = B4C5D6E7F809123A4B5C6D7E /* WindowFrameAutosave.swift */; };
		C5D6E7F8091A2B3C4D5E6F70 /* PushHistoryItem.swift in Sources */ = {isa = PBXBuildFile; fileRef = D5E6F708192A3B4C5D6E7F81 /* PushHistoryItem.swift */; };
		E6F708192A3B4C5D6E7F8091 /* HistoryStore.swift in Sources */ = {isa = PBXBuildFile; fileRef = F708192A3B4C5D6E7F80912A /* HistoryStore.swift */; };
		08192A3B4C5D6E7F80912A3B /* HistoryView.swift in Sources */ = {isa = PBXBuildFile; fileRef = 192A3B4C5D6E7F80912A3B4C /* HistoryView.swift */; };
		1A2B3C4D5E6F708192A3B4C5 /* PushPlatform.swift in Sources */ = {isa = PBXBuildFile; fileRef = 2B3C4D5E6F708192A3B4C5D /* PushPlatform.swift */; };
		3C4D5E6F708192A3B4C5D6E /* AndroidModels.swift in Sources */ = {isa = PBXBuildFile; fileRef = 4D5E6F708192A3B4C5D6E7F /* AndroidModels.swift */; };
		5E6F708192A3B4C5D6E7F80 /* FCMAuth.swift in Sources */ = {isa = PBXBuildFile; fileRef = 6F708192A3B4C5D6E7F8091 /* FCMAuth.swift */; };
		708192A3B4C5D6E7F80912A /* FCMClient.swift in Sources */ = {isa = PBXBuildFile; fileRef = 8192A3B4C5D6E7F80912A3B /* FCMClient.swift */; };
		92A3B4C5D6E7F80912A3B4C /* AndroidSessionStore.swift in Sources */ = {isa = PBXBuildFile; fileRef = A3B4C5D6E7F80912A3B4C5D /* AndroidSessionStore.swift */; };
		B4C5D6E7F80912A3B4C5D6E /* AndroidPushView.swift in Sources */ = {isa = PBXBuildFile; fileRef = C5D6E7F80912A3B4C5D6E7 /* AndroidPushView.swift */; };
		D6E7F80912A3B4C5D6E7F809 /* AppSupportPaths.swift in Sources */ = {isa = PBXBuildFile; fileRef = E7F80912A3B4C5D6E7F80912 /* AppSupportPaths.swift */; };
		D77B069E35D549A5B88D2FF5 /* Assets.xcassets in Resources */ = {isa = PBXBuildFile; fileRef = AF9B8EA83BE8452EB758E717 /* Assets.xcassets */; };
/* End PBXBuildFile section */

/* Begin PBXFileReference section */
		7842945D2FFA4EF7B1A66E9F /* PushTester.app */ = {isa = PBXFileReference; explicitFileType = wrapper.application; includeInIndex = 0; path = PushTester.app; sourceTree = BUILT_PRODUCTS_DIR; };
		C7801D4FBC0047938691231F /* PushTesterApp.swift */ = {isa = PBXFileReference; lastKnownFileType = sourcecode.swift; path = PushTesterApp.swift; sourceTree = "<group>"; };
		276CA7A3831A43839DC544ED /* ContentView.swift */ = {isa = PBXFileReference; lastKnownFileType = sourcecode.swift; path = ContentView.swift; sourceTree = "<group>"; };
		D47E941494074ABCA8F7EE41 /* PushModels.swift */ = {isa = PBXFileReference; lastKnownFileType = sourcecode.swift; path = PushModels.swift; sourceTree = "<group>"; };
		E65D669638B8480287308FC7 /* APNsJWT.swift */ = {isa = PBXFileReference; lastKnownFileType = sourcecode.swift; path = APNsJWT.swift; sourceTree = "<group>"; };
		7544D8FDAF154032B78FFC7C /* APNsClient.swift */ = {isa = PBXFileReference; lastKnownFileType = sourcecode.swift; path = APNsClient.swift; sourceTree = "<group>"; };
		E3F4A5B6C7D8091A2B3C4D5F /* SessionStore.swift */ = {isa = PBXFileReference; lastKnownFileType = sourcecode.swift; path = SessionStore.swift; sourceTree = "<group>"; };
		B4C5D6E7F809123A4B5C6D7E /* WindowFrameAutosave.swift */ = {isa = PBXFileReference; lastKnownFileType = sourcecode.swift; path = WindowFrameAutosave.swift; sourceTree = "<group>"; };
		D5E6F708192A3B4C5D6E7F81 /* PushHistoryItem.swift */ = {isa = PBXFileReference; lastKnownFileType = sourcecode.swift; path = PushHistoryItem.swift; sourceTree = "<group>"; };
		F708192A3B4C5D6E7F80912A /* HistoryStore.swift */ = {isa = PBXFileReference; lastKnownFileType = sourcecode.swift; path = HistoryStore.swift; sourceTree = "<group>"; };
		192A3B4C5D6E7F80912A3B4C /* HistoryView.swift */ = {isa = PBXFileReference; lastKnownFileType = sourcecode.swift; path = HistoryView.swift; sourceTree = "<group>"; };
		2B3C4D5E6F708192A3B4C5D /* PushPlatform.swift */ = {isa = PBXFileReference; lastKnownFileType = sourcecode.swift; path = PushPlatform.swift; sourceTree = "<group>"; };
		4D5E6F708192A3B4C5D6E7F /* AndroidModels.swift */ = {isa = PBXFileReference; lastKnownFileType = sourcecode.swift; path = AndroidModels.swift; sourceTree = "<group>"; };
		6F708192A3B4C5D6E7F8091 /* FCMAuth.swift */ = {isa = PBXFileReference; lastKnownFileType = sourcecode.swift; path = FCMAuth.swift; sourceTree = "<group>"; };
		8192A3B4C5D6E7F80912A3B /* FCMClient.swift */ = {isa = PBXFileReference; lastKnownFileType = sourcecode.swift; path = FCMClient.swift; sourceTree = "<group>"; };
		A3B4C5D6E7F80912A3B4C5D /* AndroidSessionStore.swift */ = {isa = PBXFileReference; lastKnownFileType = sourcecode.swift; path = AndroidSessionStore.swift; sourceTree = "<group>"; };
		C5D6E7F80912A3B4C5D6E7 /* AndroidPushView.swift */ = {isa = PBXFileReference; lastKnownFileType = sourcecode.swift; path = AndroidPushView.swift; sourceTree = "<group>"; };
		E7F80912A3B4C5D6E7F80912 /* AppSupportPaths.swift */ = {isa = PBXFileReference; lastKnownFileType = sourcecode.swift; path = AppSupportPaths.swift; sourceTree = "<group>"; };
		AF9B8EA83BE8452EB758E717 /* Assets.xcassets */ = {isa = PBXFileReference; lastKnownFileType = folder.assetcatalog; path = Assets.xcassets; sourceTree = "<group>"; };
		816E1F779D23411DAA6EC2D3 /* PushTester.entitlements */ = {isa = PBXFileReference; lastKnownFileType = text.plist.entitlements; path = PushTester.entitlements; sourceTree = "<group>"; };
/* End PBXFileReference section */

/* Begin PBXFrameworksBuildPhase section */
		D01E7F07E3DF44BD8A6F44C1 /* Frameworks */ = {
			isa = PBXFrameworksBuildPhase;
			buildActionMask = 2147483647;
			files = (
			);
			runOnlyForDeploymentPostprocessing = 0;
		};
/* End PBXFrameworksBuildPhase section */

/* Begin PBXGroup section */
		3C2A201A9A2E459494AA1E1C = {
			isa = PBXGroup;
			children = (
				988461BBE1AF41E68BDEC017 /* PushTester */,
				2BCC5C66A371426385A33AAF /* Products */,
			);
			sourceTree = "<group>";
		};
		2BCC5C66A371426385A33AAF /* Products */ = {
			isa = PBXGroup;
			children = (
				7842945D2FFA4EF7B1A66E9F /* PushTester.app */,
			);
			name = Products;
			sourceTree = "<group>";
		};
		988461BBE1AF41E68BDEC017 /* PushTester */ = {
			isa = PBXGroup;
			children = (
				C7801D4FBC0047938691231F /* PushTesterApp.swift */,
				7E5290BF32B94730B7A09DB2 /* Views */,
				0318CE1C525A4985A3AD0025 /* Models */,
				A1B2C3D4E5F60718293A4B5C /* Services */,
				AF9B8EA83BE8452EB758E717 /* Assets.xcassets */,
				816E1F779D23411DAA6EC2D3 /* PushTester.entitlements */,
			);
			path = PushTester;
			sourceTree = "<group>";
		};
		7E5290BF32B94730B7A09DB2 /* Views */ = {
			isa = PBXGroup;
			children = (
				276CA7A3831A43839DC544ED /* ContentView.swift */,
				192A3B4C5D6E7F80912A3B4C /* HistoryView.swift */,
				C5D6E7F80912A3B4C5D6E7 /* AndroidPushView.swift */,
			);
			path = Views;
			sourceTree = "<group>";
		};
		0318CE1C525A4985A3AD0025 /* Models */ = {
			isa = PBXGroup;
			children = (
				D47E941494074ABCA8F7EE41 /* PushModels.swift */,
				D5E6F708192A3B4C5D6E7F81 /* PushHistoryItem.swift */,
				2B3C4D5E6F708192A3B4C5D /* PushPlatform.swift */,
				4D5E6F708192A3B4C5D6E7F /* AndroidModels.swift */,
			);
			path = Models;
			sourceTree = "<group>";
		};
		A1B2C3D4E5F60718293A4B5C /* Services */ = {
			isa = PBXGroup;
			children = (
				E65D669638B8480287308FC7 /* APNsJWT.swift */,
				7544D8FDAF154032B78FFC7C /* APNsClient.swift */,
				E3F4A5B6C7D8091A2B3C4D5F /* SessionStore.swift */,
				B4C5D6E7F809123A4B5C6D7E /* WindowFrameAutosave.swift */,
				F708192A3B4C5D6E7F80912A /* HistoryStore.swift */,
				6F708192A3B4C5D6E7F8091 /* FCMAuth.swift */,
				8192A3B4C5D6E7F80912A3B /* FCMClient.swift */,
				A3B4C5D6E7F80912A3B4C5D /* AndroidSessionStore.swift */,
				E7F80912A3B4C5D6E7F80912 /* AppSupportPaths.swift */,
			);
			path = Services;
			sourceTree = "<group>";
		};
/* End PBXGroup section */

/* Begin PBXNativeTarget section */
		B1C2D3E4F5A60718293A4B5D /* PushTester */ = {
			isa = PBXNativeTarget;
			buildConfigurationList = C1D2E3F4A5B60718293A4B5E /* Build configuration list for PBXNativeTarget "PushTester" */;
			buildPhases = (
				D1E2F3A4B5C60718293A4B5F /* Sources */,
				D01E7F07E3DF44BD8A6F44C1 /* Frameworks */,
				E1F2A3B4C5D60718293A4B60 /* Resources */,
			);
			buildRules = (
			);
			dependencies = (
			);
			name = PushTester;
			productName = PushTester;
			productReference = 7842945D2FFA4EF7B1A66E9F /* PushTester.app */;
			productType = "com.apple.product-type.application";
		};
/* End PBXNativeTarget section */

/* Begin PBXProject section */
		F1A2B3C4D5E60718293A4B61 /* Project object */ = {
			isa = PBXProject;
			attributes = {
				BuildIndependentTargetsInParallel = 1;
				LastSwiftUpdateCheck = 1600;
				LastUpgradeCheck = 1600;
				TargetAttributes = {
					B1C2D3E4F5A60718293A4B5D = {
						CreatedOnToolsVersion = 16.0;
					};
				};
			};
			buildConfigurationList = A2B3C4D5E6F70718293A4B62 /* Build configuration list for PBXProject "PushTester" */;
			compatibilityVersion = "Xcode 14.0";
			developmentRegion = en;
			hasScannedForEncodings = 0;
			knownRegions = (
				en,
				Base,
			);
			mainGroup = 3C2A201A9A2E459494AA1E1C;
			productRefGroup = 2BCC5C66A371426385A33AAF /* Products */;
			projectDirPath = "";
			projectRoot = "";
			targets = (
				B1C2D3E4F5A60718293A4B5D /* PushTester */,
			);
		};
/* End PBXProject section */

/* Begin PBXResourcesBuildPhase section */
		E1F2A3B4C5D60718293A4B60 /* Resources */ = {
			isa = PBXResourcesBuildPhase;
			buildActionMask = 2147483647;
			files = (
				D77B069E35D549A5B88D2FF5 /* Assets.xcassets in Resources */,
			);
			runOnlyForDeploymentPostprocessing = 0;
		};
/* End PBXResourcesBuildPhase section */

/* Begin PBXSourcesBuildPhase section */
		D1E2F3A4B5C60718293A4B5F /* Sources */ = {
			isa = PBXSourcesBuildPhase;
			buildActionMask = 2147483647;
			files = (
				0C33A52CD2E74E0F8325F3B1 /* PushTesterApp.swift in Sources */,
				AD8F66678DF24AA6A6CE0D94 /* ContentView.swift in Sources */,
				D5A2AD69C7D6409280A1BF1F /* PushModels.swift in Sources */,
				D9376D8931D74547B391B6FC /* APNsJWT.swift in Sources */,
				B524F700AFEA4BD9879D206A /* APNsClient.swift in Sources */,
				F3A4B5C6D7E8091A2B3C4D5E /* SessionStore.swift in Sources */,
				A4B5C6D7E8F9012A3B4C5D6E /* WindowFrameAutosave.swift in Sources */,
				C5D6E7F8091A2B3C4D5E6F70 /* PushHistoryItem.swift in Sources */,
				E6F708192A3B4C5D6E7F8091 /* HistoryStore.swift in Sources */,
				08192A3B4C5D6E7F80912A3B /* HistoryView.swift in Sources */,
				1A2B3C4D5E6F708192A3B4C5 /* PushPlatform.swift in Sources */,
				3C4D5E6F708192A3B4C5D6E /* AndroidModels.swift in Sources */,
				5E6F708192A3B4C5D6E7F80 /* FCMAuth.swift in Sources */,
				708192A3B4C5D6E7F80912A /* FCMClient.swift in Sources */,
				92A3B4C5D6E7F80912A3B4C /* AndroidSessionStore.swift in Sources */,
				B4C5D6E7F80912A3B4C5D6E /* AndroidPushView.swift in Sources */,
				D6E7F80912A3B4C5D6E7F809 /* AppSupportPaths.swift in Sources */,
			);
			runOnlyForDeploymentPostprocessing = 0;
		};
/* End PBXSourcesBuildPhase section */

/* Begin XCBuildConfiguration section */
		B2C3D4E5F6A70718293A4B63 /* Debug */ = {
			isa = XCBuildConfiguration;
			buildSettings = {
				ALWAYS_SEARCH_USER_PATHS = NO;
				ASSETCATALOG_COMPILER_GENERATE_SWIFT_ASSET_SYMBOL_EXTENSIONS = YES;
				CLANG_ENABLE_MODULES = YES;
				COPY_PHASE_STRIP = NO;
				DEBUG_INFORMATION_FORMAT = dwarf;
				ENABLE_STRICT_OBJC_MSGSEND = YES;
				ENABLE_TESTABILITY = YES;
				GCC_DYNAMIC_NO_PIC = NO;
				GCC_OPTIMIZATION_LEVEL = 0;
				MACOSX_DEPLOYMENT_TARGET = 14.0;
				ONLY_ACTIVE_ARCH = YES;
				SDKROOT = macosx;
				SWIFT_ACTIVE_COMPILATION_CONDITIONS = "DEBUG $(inherited)";
				SWIFT_OPTIMIZATION_LEVEL = "-Onone";
			};
			name = Debug;
		};
		C2D3E4F5A6B70718293A4B64 /* Release */ = {
			isa = XCBuildConfiguration;
			buildSettings = {
				ALWAYS_SEARCH_USER_PATHS = NO;
				ASSETCATALOG_COMPILER_GENERATE_SWIFT_ASSET_SYMBOL_EXTENSIONS = YES;
				CLANG_ENABLE_MODULES = YES;
				COPY_PHASE_STRIP = NO;
				DEBUG_INFORMATION_FORMAT = "dwarf-with-dsym";
				ENABLE_NS_ASSERTIONS = NO;
				ENABLE_STRICT_OBJC_MSGSEND = YES;
				MACOSX_DEPLOYMENT_TARGET = 14.0;
				SDKROOT = macosx;
				SWIFT_COMPILATION_MODE = wholemodule;
			};
			name = Release;
		};
		D2E3F4A5B6C70718293A4B65 /* Debug */ = {
			isa = XCBuildConfiguration;
			buildSettings = {
				ASSETCATALOG_COMPILER_APPICON_NAME = AppIcon;
				CODE_SIGN_ENTITLEMENTS = PushTester/PushTester.entitlements;
				CODE_SIGN_STYLE = Automatic;
				COMBINE_HIDPI_IMAGES = YES;
				CURRENT_PROJECT_VERSION = 1;
				ENABLE_HARDENED_RUNTIME = YES;
				GENERATE_INFOPLIST_FILE = YES;
				INFOPLIST_KEY_CFBundleDisplayName = PushTester;
				INFOPLIST_KEY_LSApplicationCategoryType = "public.app-category.developer-tools";
				INFOPLIST_KEY_NSHumanReadableCopyright = "";
				LD_RUNPATH_SEARCH_PATHS = (
					"$(inherited)",
					"@executable_path/../Frameworks",
				);
				MACOSX_DEPLOYMENT_TARGET = 14.0;
				MARKETING_VERSION = 1.0;
				PRODUCT_BUNDLE_IDENTIFIER = com.local.PushTester;
				PRODUCT_NAME = "$(TARGET_NAME)";
				SWIFT_EMIT_LOC_STRINGS = YES;
				SWIFT_VERSION = 5.0;
			};
			name = Debug;
		};
		E2F3A4B5C6D70718293A4B66 /* Release */ = {
			isa = XCBuildConfiguration;
			buildSettings = {
				ASSETCATALOG_COMPILER_APPICON_NAME = AppIcon;
				CODE_SIGN_ENTITLEMENTS = PushTester/PushTester.entitlements;
				CODE_SIGN_STYLE = Automatic;
				COMBINE_HIDPI_IMAGES = YES;
				CURRENT_PROJECT_VERSION = 1;
				ENABLE_HARDENED_RUNTIME = YES;
				GENERATE_INFOPLIST_FILE = YES;
				INFOPLIST_KEY_CFBundleDisplayName = PushTester;
				INFOPLIST_KEY_LSApplicationCategoryType = "public.app-category.developer-tools";
				INFOPLIST_KEY_NSHumanReadableCopyright = "";
				LD_RUNPATH_SEARCH_PATHS = (
					"$(inherited)",
					"@executable_path/../Frameworks",
				);
				MACOSX_DEPLOYMENT_TARGET = 14.0;
				MARKETING_VERSION = 1.0;
				PRODUCT_BUNDLE_IDENTIFIER = com.local.PushTester;
				PRODUCT_NAME = "$(TARGET_NAME)";
				SWIFT_EMIT_LOC_STRINGS = YES;
				SWIFT_VERSION = 5.0;
			};
			name = Release;
		};
/* End XCBuildConfiguration section */

/* Begin XCConfigurationList section */
		A2B3C4D5E6F70718293A4B62 /* Build configuration list for PBXProject "PushTester" */ = {
			isa = XCConfigurationList;
			buildConfigurations = (
				B2C3D4E5F6A70718293A4B63 /* Debug */,
				C2D3E4F5A6B70718293A4B64 /* Release */,
			);
			defaultConfigurationIsVisible = 0;
			defaultConfigurationName = Release;
		};
		C1D2E3F4A5B60718293A4B5E /* Build configuration list for PBXNativeTarget "PushTester" */ = {
			isa = XCConfigurationList;
			buildConfigurations = (
				D2E3F4A5B6C70718293A4B65 /* Debug */,
				E2F3A4B5C6D70718293A4B66 /* Release */,
			);
			defaultConfigurationIsVisible = 0;
			defaultConfigurationName = Release;
		};
/* End XCConfigurationList section */
	};
	rootObject = F1A2B3C4D5E60718293A4B61 /* Project object */;
}
